
Microsoft Visual Studio Solution File, Format Version 12.00
# Visual Studio Version 16
VisualStudioVersion = 16.0.29613.14
MinimumVisualStudioVersion = 10.0.40219.1
Project("{9A19103F-16F7-4668-BE54-9A1E7A4F7556}") = "Collections", "Collections\Collections.csproj", "{80098AEF-F39B-4D61-9677-7A0B72853085}"
EndProject
Project("{9A19103F-16F7-4668-BE54-9A1E7A4F7556}") = "SortedLists", "SortedList\SortedLists.csproj", "{B2322AB7-AD5A-498F-A73A-88228FF20EC1}"
EndProject
Project("{FAE04EC0-301F-11D3-BF4B-00C04F79EFBC}") = "GenericCollections", "GenericCollections\GenericCollections.csproj", "{0394CF27-0910-4EE6-A560-C946971CE653}"
EndProject
Global
	GlobalSection(SolutionConfigurationPlatforms) = preSolution
		Debug|Any CPU = Debug|Any CPU
		Release|Any CPU = Release|Any CPU
	EndGlobalSection
	GlobalSection(ProjectConfigurationPlatforms) = postSolution
		{80098AEF-F39B-4D61-9677-7A0B72853085}.Debug|Any CPU.ActiveCfg = Debug|Any CPU
		{80098AEF-F39B-4D61-9677-7A0B72853085}.Debug|Any CPU.Build.0 = Debug|Any CPU
		{80098AEF-F39B-4D61-9677-7A0B72853085}.Release|Any CPU.ActiveCfg = Release|Any CPU
		{80098AEF-F39B-4D61-9677-7A0B72853085}.Release|Any CPU.Build.0 = Release|Any CPU
		{B2322AB7-AD5A-498F-A73A-88228FF20EC1}.Debug|Any CPU.ActiveCfg = Debug|Any CPU
		{B2322AB7-AD5A-498F-A73A-88228FF20EC1}.Debug|Any CPU.Build.0 = Debug|Any CPU
		{B2322AB7-AD5A-498F-A73A-88228FF20EC1}.Release|Any CPU.ActiveCfg = Release|Any CPU
		{B2322AB7-AD5A-498F-A73A-88228FF20EC1}.Release|Any CPU.Build.0 = Release|Any CPU
		{0394CF27-0910-4EE6-A560-C946971CE653}.Debug|Any CPU.ActiveCfg = Debug|Any CPU
		{0394CF27-0910-4EE6-A560-C946971CE653}.Debug|Any CPU.Build.0 = Debug|Any CPU
		{0394CF27-0910-4EE6-A560-C946971CE653}.Release|Any CPU.ActiveCfg = Release|Any CPU
		{0394CF27-0910-4EE6-A560-C946971CE653}.Release|Any CPU.Build.0 = Release|Any CPU
	EndGlobalSection
	GlobalSection(SolutionProperties) = preSolution
		HideSolutionNode = FALSE
	EndGlobalSection
	GlobalSection(ExtensibilityGlobals) = postSolution
		SolutionGuid = {40787257-BA1A-4376-8AE1-718AB937E451}
	EndGlobalSection
EndGlobal
