
Microsoft Visual Studio Solution File, Format Version 12.00
# Visual Studio Version 16
VisualStudioVersion = 16.0.29613.14
MinimumVisualStudioVersion = 10.0.40219.1
Project("{FAE04EC0-301F-11D3-BF4B-00C04F79EFBC}") = "ConditionalStatements", "ConditionalStatements\ConditionalStatements.csproj", "{05EA6BCE-91B6-434C-B5DD-B9E6973A8283}"
EndProject
Project("{FAE04EC0-301F-11D3-BF4B-00C04F79EFBC}") = "TernaryOperator", "TernaryOperator\TernaryOperator.csproj", "{70EA636B-C744-4CE7-86B1-AF6C7B21DC4A}"
EndProject
Project("{FAE04EC0-301F-11D3-BF4B-00C04F79EFBC}") = "Switch", "Switch\Switch.csproj", "{3173F7A2-E176-40F0-BBE4-857929653BFA}"
EndProject
Global
	GlobalSection(SolutionConfigurationPlatforms) = preSolution
		Debug|Any CPU = Debug|Any CPU
		Release|Any CPU = Release|Any CPU
	EndGlobalSection
	GlobalSection(ProjectConfigurationPlatforms) = postSolution
		{05EA6BCE-91B6-434C-B5DD-B9E6973A8283}.Debug|Any CPU.ActiveCfg = Debug|Any CPU
		{05EA6BCE-91B6-434C-B5DD-B9E6973A8283}.Debug|Any CPU.Build.0 = Debug|Any CPU
		{05EA6BCE-91B6-434C-B5DD-B9E6973A8283}.Release|Any CPU.ActiveCfg = Release|Any CPU
		{05EA6BCE-91B6-434C-B5DD-B9E6973A8283}.Release|Any CPU.Build.0 = Release|Any CPU
		{70EA636B-C744-4CE7-86B1-AF6C7B21DC4A}.Debug|Any CPU.ActiveCfg = Debug|Any CPU
		{70EA636B-C744-4CE7-86B1-AF6C7B21DC4A}.Debug|Any CPU.Build.0 = Debug|Any CPU
		{70EA636B-C744-4CE7-86B1-AF6C7B21DC4A}.Release|Any CPU.ActiveCfg = Release|Any CPU
		{70EA636B-C744-4CE7-86B1-AF6C7B21DC4A}.Release|Any CPU.Build.0 = Release|Any CPU
		{3173F7A2-E176-40F0-BBE4-857929653BFA}.Debug|Any CPU.ActiveCfg = Debug|Any CPU
		{3173F7A2-E176-40F0-BBE4-857929653BFA}.Debug|Any CPU.Build.0 = Debug|Any CPU
		{3173F7A2-E176-40F0-BBE4-857929653BFA}.Release|Any CPU.ActiveCfg = Release|Any CPU
		{3173F7A2-E176-40F0-BBE4-857929653BFA}.Release|Any CPU.Build.0 = Release|Any CPU
	EndGlobalSection
	GlobalSection(SolutionProperties) = preSolution
		HideSolutionNode = FALSE
	EndGlobalSection
	GlobalSection(ExtensibilityGlobals) = postSolution
		SolutionGuid = {38E1D417-C3FB-45B4-9055-307A65DE43AC}
	EndGlobalSection
EndGlobal
